<?xml version="1.0" encoding="utf-8"?>
<Project ToolsVersion="4.0" xmlns="http://schemas.microsoft.com/developer/msbuild/2003">
  <ItemGroup>
    <Filter Include="googlemock">
      <UniqueIdentifier>{AC7B6BC4-9833-AD11-013B-866DED114802}</UniqueIdentifier>
    </Filter>
    <Filter Include="googlemock\include">
      <UniqueIdentifier>{1F8FDF07-0B73-A05D-74D3-9AB060D68ADF}</UniqueIdentifier>
    </Filter>
    <Filter Include="googlemock\include\gmock">
      <UniqueIdentifier>{7F2684C2-6B4B-D342-9496-B8D2801AD260}</UniqueIdentifier>
    </Filter>
    <Filter Include="googlemock\include\gmock\internal">
      <UniqueIdentifier>{AB8726DD-17F6-7B5C-60DF-365CCC8C71F8}</UniqueIdentifier>
    </Filter>
    <Filter Include="googlemock\include\gmock\internal\custom">
      <UniqueIdentifier>{B5F5076F-A172-FBB1-CAEF-FBC5B6CB9745}</UniqueIdentifier>
    </Filter>
    <Filter Include="googlemock\src">
      <UniqueIdentifier>{C32FF5BF-AFFD-E8C5-9891-59EC84FEC42A}</UniqueIdentifier>
    </Filter>
    <Filter Include="googletest">
      <UniqueIdentifier>{E2296FC4-CEE1-B011-37E9-896D23C04B02}</UniqueIdentifier>
    </Filter>
    <Filter Include="googletest\include">
      <UniqueIdentifier>{5513F181-41F7-B1D7-AA57-AC2A965A9C59}</UniqueIdentifier>
    </Filter>
    <Filter Include="googletest\include\gtest">
      <UniqueIdentifier>{6B297509-574E-C489-8099-A9196C1DC3A7}</UniqueIdentifier>
    </Filter>
    <Filter Include="googletest\include\gtest\internal">
      <UniqueIdentifier>{17941752-8302-6DD1-CCEB-27D13899626D}</UniqueIdentifier>
    </Filter>
    <Filter Include="googletest\include\gtest\internal\custom">
      <UniqueIdentifier>{A150998C-8DCD-8CCF-B64A-8DE3A2262963}</UniqueIdentifier>
    </Filter>
    <Filter Include="googletest\src">
      <UniqueIdentifier>{F908F159-E5D6-E45F-CE6A-5586BAD7C0C4}</UniqueIdentifier>
    </Filter>
  </ItemGroup>
  <ItemGroup>
    <ClInclude Include="googlemock\include\gmock\gmock-actions.h">
      <Filter>googlemock\include\gmock</Filter>
    </ClInclude>
    <ClInclude Include="googlemock\include\gmock\gmock-cardinalities.h">
      <Filter>googlemock\include\gmock</Filter>
    </ClInclude>
    <ClInclude Include="googlemock\include\gmock\gmock-function-mocker.h">
      <Filter>googlemock\include\gmock</Filter>
    </ClInclude>
    <ClInclude Include="googlemock\include\gmock\gmock-matchers.h">
      <Filter>googlemock\include\gmock</Filter>
    </ClInclude>
    <ClInclude Include="googlemock\include\gmock\gmock-more-actions.h">
      <Filter>googlemock\include\gmock</Filter>
    </ClInclude>
    <ClInclude Include="googlemock\include\gmock\gmock-more-matchers.h">
      <Filter>googlemock\include\gmock</Filter>
    </ClInclude>
    <ClInclude Include="googlemock\include\gmock\gmock-nice-strict.h">
      <Filter>googlemock\include\gmock</Filter>
    </ClInclude>
    <ClInclude Include="googlemock\include\gmock\gmock-spec-builders.h">
      <Filter>googlemock\include\gmock</Filter>
    </ClInclude>
    <ClInclude Include="googlemock\include\gmock\gmock.h">
      <Filter>googlemock\include\gmock</Filter>
    </ClInclude>
    <ClInclude Include="googlemock\include\gmock\internal\custom\gmock-generated-actions.h">
      <Filter>googlemock\include\gmock\internal\custom</Filter>
    </ClInclude>
    <ClInclude Include="googlemock\include\gmock\internal\custom\gmock-matchers.h">
      <Filter>googlemock\include\gmock\internal\custom</Filter>
    </ClInclude>
    <ClInclude Include="googlemock\include\gmock\internal\custom\gmock-port.h">
      <Filter>googlemock\include\gmock\internal\custom</Filter>
    </ClInclude>
    <ClInclude Include="googlemock\include\gmock\internal\gmock-internal-utils.h">
      <Filter>googlemock\include\gmock\internal</Filter>
    </ClInclude>
    <ClInclude Include="googlemock\include\gmock\internal\gmock-port.h">
      <Filter>googlemock\include\gmock\internal</Filter>
    </ClInclude>
    <ClInclude Include="googlemock\include\gmock\internal\gmock-pp.h">
      <Filter>googlemock\include\gmock\internal</Filter>
    </ClInclude>
    <ClInclude Include="googletest\include\gtest\gtest-assertion-result.h">
      <Filter>googletest\include\gtest</Filter>
    </ClInclude>
    <ClInclude Include="googletest\include\gtest\gtest-death-test.h">
      <Filter>googletest\include\gtest</Filter>
    </ClInclude>
    <ClInclude Include="googletest\include\gtest\gtest-matchers.h">
      <Filter>googletest\include\gtest</Filter>
    </ClInclude>
    <ClInclude Include="googletest\include\gtest\gtest-message.h">
      <Filter>googletest\include\gtest</Filter>
    </ClInclude>
    <ClInclude Include="googletest\include\gtest\gtest-param-test.h">
      <Filter>googletest\include\gtest</Filter>
    </ClInclude>
    <ClInclude Include="googletest\include\gtest\gtest-printers.h">
      <Filter>googletest\include\gtest</Filter>
    </ClInclude>
    <ClInclude Include="googletest\include\gtest\gtest-spi.h">
      <Filter>googletest\include\gtest</Filter>
    </ClInclude>
    <ClInclude Include="googletest\include\gtest\gtest-test-part.h">
      <Filter>googletest\include\gtest</Filter>
    </ClInclude>
    <ClInclude Include="googletest\include\gtest\gtest-typed-test.h">
      <Filter>googletest\include\gtest</Filter>
    </ClInclude>
    <ClInclude Include="googletest\include\gtest\gtest.h">
      <Filter>googletest\include\gtest</Filter>
    </ClInclude>
    <ClInclude Include="googletest\include\gtest\gtest_pred_impl.h">
      <Filter>googletest\include\gtest</Filter>
    </ClInclude>
    <ClInclude Include="googletest\include\gtest\gtest_prod.h">
      <Filter>googletest\include\gtest</Filter>
    </ClInclude>
    <ClInclude Include="googletest\include\gtest\internal\custom\gtest-port.h">
      <Filter>googletest\include\gtest\internal\custom</Filter>
    </ClInclude>
    <ClInclude Include="googletest\include\gtest\internal\custom\gtest-printers.h">
      <Filter>googletest\include\gtest\internal\custom</Filter>
    </ClInclude>
    <ClInclude Include="googletest\include\gtest\internal\custom\gtest.h">
      <Filter>googletest\include\gtest\internal\custom</Filter>
    </ClInclude>
    <ClInclude Include="googletest\include\gtest\internal\gtest-death-test-internal.h">
      <Filter>googletest\include\gtest\internal</Filter>
    </ClInclude>
    <ClInclude Include="googletest\include\gtest\internal\gtest-filepath.h">
      <Filter>googletest\include\gtest\internal</Filter>
    </ClInclude>
    <ClInclude Include="googletest\include\gtest\internal\gtest-internal.h">
      <Filter>googletest\include\gtest\internal</Filter>
    </ClInclude>
    <ClInclude Include="googletest\include\gtest\internal\gtest-param-util.h">
      <Filter>googletest\include\gtest\internal</Filter>
    </ClInclude>
    <ClInclude Include="googletest\include\gtest\internal\gtest-port-arch.h">
      <Filter>googletest\include\gtest\internal</Filter>
    </ClInclude>
    <ClInclude Include="googletest\include\gtest\internal\gtest-port.h">
      <Filter>googletest\include\gtest\internal</Filter>
    </ClInclude>
    <ClInclude Include="googletest\include\gtest\internal\gtest-string.h">
      <Filter>googletest\include\gtest\internal</Filter>
    </ClInclude>
    <ClInclude Include="googletest\include\gtest\internal\gtest-type-util.h">
      <Filter>googletest\include\gtest\internal</Filter>
    </ClInclude>
  </ItemGroup>
  <ItemGroup>
    <ClCompile Include="googlemock\src\gmock-all.cc">
      <Filter>googlemock\src</Filter>
    </ClCompile>
    <ClCompile Include="googlemock\src\gmock-cardinalities.cc">
      <Filter>googlemock\src</Filter>
    </ClCompile>
    <ClCompile Include="googlemock\src\gmock-internal-utils.cc">
      <Filter>googlemock\src</Filter>
    </ClCompile>
    <ClCompile Include="googlemock\src\gmock-matchers.cc">
      <Filter>googlemock\src</Filter>
    </ClCompile>
    <ClCompile Include="googlemock\src\gmock-spec-builders.cc">
      <Filter>googlemock\src</Filter>
    </ClCompile>
    <ClCompile Include="googlemock\src\gmock.cc">
      <Filter>googlemock\src</Filter>
    </ClCompile>
    <ClCompile Include="googlemock\src\gmock_main.cc">
      <Filter>googlemock\src</Filter>
    </ClCompile>
    <ClCompile Include="googletest\src\gtest-all.cc">
      <Filter>googletest\src</Filter>
    </ClCompile>
    <ClCompile Include="googletest\src\gtest-assertion-result.cc">
      <Filter>googletest\src</Filter>
    </ClCompile>
    <ClCompile Include="googletest\src\gtest-death-test.cc">
      <Filter>googletest\src</Filter>
    </ClCompile>
    <ClCompile Include="googletest\src\gtest-filepath.cc">
      <Filter>googletest\src</Filter>
    </ClCompile>
    <ClCompile Include="googletest\src\gtest-matchers.cc">
      <Filter>googletest\src</Filter>
    </ClCompile>
    <ClCompile Include="googletest\src\gtest-port.cc">
      <Filter>googletest\src</Filter>
    </ClCompile>
    <ClCompile Include="googletest\src\gtest-printers.cc">
      <Filter>googletest\src</Filter>
    </ClCompile>
    <ClCompile Include="googletest\src\gtest-test-part.cc">
      <Filter>googletest\src</Filter>
    </ClCompile>
    <ClCompile Include="googletest\src\gtest-typed-test.cc">
      <Filter>googletest\src</Filter>
    </ClCompile>
    <ClCompile Include="googletest\src\gtest.cc">
      <Filter>googletest\src</Filter>
    </ClCompile>
    <ClCompile Include="googletest\src\gtest_main.cc">
      <Filter>googletest\src</Filter>
    </ClCompile>
  </ItemGroup>
</Project>